{
  "name": "instruction_serialiser",
  "version": "0.0.1",
  "lockfileVersion": 2,
  "requires": true,
  "packages": {
    "": {
      "name": "instruction_serialiser",
      "version": "0.0.1",
      "license": "Apache-2.0",
      "dependencies": {
        "google-protobuf": "^3.20.0-rc.2"
      }
    },
    "node_modules/google-protobuf": {
      "version": "3.20.0-rc.2",
      "resolved": "https://registry.npmjs.org/google-protobuf/-/google-protobuf-3.20.0-rc.2.tgz",
      "integrity": "sha512-5WBE5ebeLb0axsN7xhp/PsAZbe2RtB+dkeP/OvRmb7+ES0OHqZT0JoD/tQC9i8lvjUcyRSDNkD7XIacS2F6pmw=="
    }
  },
  "dependencies": {
    "google-protobuf": {
      "version": "3.20.0-rc.2",
      "resolved": "https://registry.npmjs.org/google-protobuf/-/google-protobuf-3.20.0-rc.2.tgz",
      "integrity": "sha512-5WBE5ebeLb0axsN7xhp/PsAZbe2RtB+dkeP/OvRmb7+ES0OHqZT0JoD/tQC9i8lvjUcyRSDNkD7XIacS2F6pmw=="
    }
  }
}
